# Non-index inputs for the isolated verl 0.10.0.dev trial. Native wheels target
# CUDA 13.0 / torch 2.13 / CPython 3.12 / Linux x86_64, as the pinned upstream
# pyproject.toml and uv.lock specify. Downloaded and SHA256-checked on 2026-10-05.
# OpenCV uses its abi3 manylinux2014 wheel: the manylinux_2_28 wheel bundles
# FIPS-enforcing libcrypto. Install this wheel LAST (Dockerfile step 8).
# All Megatron modes use NVIDIA Megatron-Bridge; legacy mbridge is not installed.
# kind name version source sha256 | commit
wheel transformer_engine 2.16.1 https://github.com/verl-project/verl-wheelhouse/releases/download/transformer-engine-v2.16.1-py3.12-torch2.13.0/transformer_engine-2.16.1-cp312-cp312-linux_x86_64.whl f96ce8b699f1c00cc4738de011502ffddca01d3cf8ec0360b49167b57d28ad2f
wheel apex 0.1 https://github.com/verl-project/verl-wheelhouse/releases/download/apex-master-py3.12-torch2.13.0/apex-0.1-cp312-cp312-linux_x86_64.whl 90c555507ea775e947b2d2e77dcec6ddcd8cccd0331cdb6a476691c092eee94c
wheel flash_attn 2.8.3 https://github.com/verl-project/verl-wheelhouse/releases/download/flash-attention-v2.8.3-py3.12-torch2.13.0/flash_attn-2.8.3-cp312-cp312-linux_x86_64.whl ea61a750254b3f0b79171d58ee3fe4627d601411ee9801dd1705855c1ece6bf3
wheel megatron_bridge 0.6.2 https://github.com/verl-project/verl-wheelhouse/releases/download/megatron-bridge-v0.6.2-py3.12-torch2.13.0/megatron_bridge-0.6.2-py3-none-any.whl b8f0d0e28d84b45f88e71c99a7ffa31a7e096c68233f5e70215e86f4d353cb57
wheel opencv-python-headless 4.13.0.92 https://files.pythonhosted.org/packages/92/ce/bd17ff5772938267fd49716e94ca24f616ff4cb1ff4c6be13085108037be/opencv_python_headless-4.13.0.92-cp37-abi3-manylinux2014_x86_64.manylinux_2_17_x86_64.whl 0525a3d2c0b46c611e2130b5fdebc94cf404845d8fa64d2f3a3b679572a5bd22
git megatron-core core_v0.19.2 https://github.com/NVIDIA/Megatron-LM.git 4b4acac9a1d28ea6829c8d4f566d75698a21249d
git verl 0.10.0.dev https://github.com/verl-project/verl.git 8718ca30a3f002f93b7c4fd99b9b2506718681bc
