{
  "schema": "voa.image_lock/v1",
  "note": "Which digest each tag was pushed as. `make push` records a tag here (scripts/image_lock.py record) and `make register` refuses a tag whose registry digest differs. Entries for tags pushed before this file existed carry what could be established afterwards, and say what could not.",
  "base": {
    "ref": "databricksruntime/air:dcs-base-aws-runtime-cu13",
    "digest": "sha256:8da6cc766e745239ed46f573344a6cad351deb2c0caf3135b26e98f20e9197c0",
    "checked_at": "2026-09-23"
  },
  "images": {
    "v7": {
      "ref": "michaelshtelma587/verl-megatron-air:v7",
      "digest": "sha256:fcc6869d1ba3f12a9213af3d1944e89eac8eafce1404438ac15e0d2129b38a97",
      "recorded_at": "2026-09-23T00:00:00Z",
      "provenance": "retrospective: the digest the registry served for v7 on 2026-09-23. config.env named v7 until 2026-09-22; the published agentic-search runs (2026-09-10..20) used v7 or an earlier tag, and which digest each run pulled was not recorded. Inputs hash unknown."
    },
    "v8": {
      "ref": "michaelshtelma587/verl-megatron-air:v8",
      "digest": "sha256:51486e6c1af3096ce8f92bee225de8ccd07b7fdfc7d35be269120c044791ddfe",
      "created": "2026-09-22T11:40:12Z",
      "size_bytes": 17234184011,
      "recorded_at": "2026-09-23T00:00:00Z",
      "provenance": "retrospective. Built two hours before the v7->v8 bump commit (a39bd71, 13:41Z), so it bakes VERL_ON_AIR_IMAGE_TAG=v7 -- the tag inside the image is not its tag. Its frozen package set is the origin of docker/requirements.lock. Inputs hash unknown (it predates the label)."
    },
    "v9": {
      "ref": "michaelshtelma587/verl-megatron-air:v9",
      "digest": "sha256:63bd970c1c513c6c33b1b33cfe6f29ef9ecb120832dce3f920f3a23d4937d695",
      "inputs_sha256": "aa39d6fc748388daae3f7421d52628f0f5e38a36fabee6614362f3adf8100c0a",
      "base_digest": "sha256:8da6cc766e745239ed46f573344a6cad351deb2c0caf3135b26e98f20e9197c0",
      "recorded_at": "2026-09-23T20:07:07Z",
      "created": "2026-09-23T19:56:33.171932958Z",
      "size_bytes": 17201789901
    }
  }
}
